# THIS IS AN AUTOGENERATED FILE. DO NOT EDIT THIS FILE DIRECTLY.
# yarn lockfile v1


"@stitches/core@^1.2.8":
  version "1.2.8"
  resolved "https://registry.yarnpkg.com/@stitches/core/-/core-1.2.8.tgz#dce3b8fdc764fbc6dbea30c83b73bfb52cf96173"
  integrity sha512-Gfkvwk9o9kE9r9XNBmJRfV8zONvXThnm1tcuojL04Uy5uRyqg93DC83lDebl0rocZCfKSjUv+fWYtMQmEDJldg==

csstype@^3.1.0:
  version "3.1.2"
  resolved "https://registry.yarnpkg.com/csstype/-/csstype-3.1.2.tgz#1d4bf9d572f11c14031f0436e1c10bc1f571f50b"
  integrity sha512-I7K1Uu0MBPzaFKg4nI5Q7Vs2t+3gWWW648spaF+Rg7pI9ds18Ugn+lvg4SHczUdKlHI5LWBXyqfS8+DufyBsgQ==

seroval@^0.5.0:
  version "0.5.1"
  resolved "https://registry.yarnpkg.com/seroval/-/seroval-0.5.1.tgz#e6d17365cdaaae7e50815c7e0bcd7102facdadf3"
  integrity sha512-ZfhQVB59hmIauJG5Ydynupy8KHyr5imGNtdDhbZG68Ufh1Ynkv9KOYOAABf71oVbQxJ8VkWnMHAjEHE7fWkH5g==

solid-js@^1.6.6:
  version "1.7.5"
  resolved "https://registry.yarnpkg.com/solid-js/-/solid-js-1.7.5.tgz#2ef7834c6c8eef9d1b46c25b1c51da4c67492a13"
  integrity sha512-GfJ8na1e9FG1oAF5xC24BM+ATLym0sfH+ZblkbBFpueYdq3fWAoA5Ve+jGeIeLI7jmMGfa0rUaKruszNm2sH8w==
  dependencies:
    csstype "^3.1.0"
    seroval "^0.5.0"

typescript@^4.9.4:
  version "4.9.5"
  resolved "https://registry.yarnpkg.com/typescript/-/typescript-4.9.5.tgz#095979f9bcc0d09da324d58d03ce8f8374cbe65a"
  integrity sha512-1FXk9E2Hm+QzZQ7z+McJiHL4NW1F2EzMu9Nq9i3zAaGqibafqYwCVU6WyWAuyQRRzOlxou8xZSyXLEN8oKj24g==

uglify-js@^3.17.4:
  version "3.17.4"
  resolved "https://registry.yarnpkg.com/uglify-js/-/uglify-js-3.17.4.tgz#61678cf5fa3f5b7eb789bb345df29afb8257c22c"
  integrity sha512-T9q82TJI9e/C1TAxYvfb16xO120tMVFZrGA3f9/P4424DNu6ypK103y0GPFVa17yotwSyZW5iYXgjYHkGrJW/g==
